
Microsoft Visual Studio Solution File, Format Version 12.00
# Visual Studio 15
VisualStudioVersion = 15.0.27130.2010
MinimumVisualStudioVersion = 10.0.40219.1
Project("{9A19103F-16F7-4668-BE54-9A1E7A4F7556}") = "myFeed", "myFeed\myFeed.csproj", "{1CCB0E94-64AB-4634-8425-648E8752F66E}"
EndProject
Project("{FAE04EC0-301F-11D3-BF4B-00C04F79EFBC}") = "myFeed.Uwp", "myFeed.Uwp\myFeed.Uwp.csproj", "{CBEDB4AF-05CB-4051-8A50-5076CC12A953}"
EndProject
Project("{FAE04EC0-301F-11D3-BF4B-00C04F79EFBC}") = "myFeed.Uwp.Notifications", "myFeed.Uwp.Notifications\myFeed.Uwp.Notifications.csproj", "{74FA52EF-B4DA-4EBE-A49B-BA843B5C7E3B}"
EndProject
Project("{FAE04EC0-301F-11D3-BF4B-00C04F79EFBC}") = "myFeed.Tests", "myFeed.Tests\myFeed.Tests.csproj", "{11AA7D74-A60F-4B0A-8915-6065FE53E26B}"
EndProject
Global
	GlobalSection(SolutionConfigurationPlatforms) = preSolution
		Debug|Any CPU = Debug|Any CPU
		Debug|ARM = Debug|ARM
		Debug|x64 = Debug|x64
		Debug|x86 = Debug|x86
		Release|Any CPU = Release|Any CPU
		Release|ARM = Release|ARM
		Release|x64 = Release|x64
		Release|x86 = Release|x86
	EndGlobalSection
	GlobalSection(ProjectConfigurationPlatforms) = postSolution
		{1CCB0E94-64AB-4634-8425-648E8752F66E}.Debug|Any CPU.ActiveCfg = Debug|Any CPU
		{1CCB0E94-64AB-4634-8425-648E8752F66E}.Debug|Any CPU.Build.0 = Debug|Any CPU
		{1CCB0E94-64AB-4634-8425-648E8752F66E}.Debug|ARM.ActiveCfg = Debug|Any CPU
		{1CCB0E94-64AB-4634-8425-648E8752F66E}.Debug|ARM.Build.0 = Debug|Any CPU
		{1CCB0E94-64AB-4634-8425-648E8752F66E}.Debug|x64.ActiveCfg = Debug|Any CPU
		{1CCB0E94-64AB-4634-8425-648E8752F66E}.Debug|x64.Build.0 = Debug|Any CPU
		{1CCB0E94-64AB-4634-8425-648E8752F66E}.Debug|x86.ActiveCfg = Debug|Any CPU
		{1CCB0E94-64AB-4634-8425-648E8752F66E}.Debug|x86.Build.0 = Debug|Any CPU
		{1CCB0E94-64AB-4634-8425-648E8752F66E}.Release|Any CPU.ActiveCfg = Debug|Any CPU
		{1CCB0E94-64AB-4634-8425-648E8752F66E}.Release|Any CPU.Build.0 = Debug|Any CPU
		{1CCB0E94-64AB-4634-8425-648E8752F66E}.Release|ARM.ActiveCfg = Release|Any CPU
		{1CCB0E94-64AB-4634-8425-648E8752F66E}.Release|ARM.Build.0 = Release|Any CPU
		{1CCB0E94-64AB-4634-8425-648E8752F66E}.Release|x64.ActiveCfg = Release|Any CPU
		{1CCB0E94-64AB-4634-8425-648E8752F66E}.Release|x64.Build.0 = Release|Any CPU
		{1CCB0E94-64AB-4634-8425-648E8752F66E}.Release|x86.ActiveCfg = Release|Any CPU
		{1CCB0E94-64AB-4634-8425-648E8752F66E}.Release|x86.Build.0 = Release|Any CPU
		{CBEDB4AF-05CB-4051-8A50-5076CC12A953}.Debug|Any CPU.ActiveCfg = Debug|x86
		{CBEDB4AF-05CB-4051-8A50-5076CC12A953}.Debug|ARM.ActiveCfg = Debug|ARM
		{CBEDB4AF-05CB-4051-8A50-5076CC12A953}.Debug|ARM.Build.0 = Debug|ARM
		{CBEDB4AF-05CB-4051-8A50-5076CC12A953}.Debug|ARM.Deploy.0 = Debug|ARM
		{CBEDB4AF-05CB-4051-8A50-5076CC12A953}.Debug|x64.ActiveCfg = Debug|x64
		{CBEDB4AF-05CB-4051-8A50-5076CC12A953}.Debug|x64.Build.0 = Debug|x64
		{CBEDB4AF-05CB-4051-8A50-5076CC12A953}.Debug|x64.Deploy.0 = Debug|x64
		{CBEDB4AF-05CB-4051-8A50-5076CC12A953}.Debug|x86.ActiveCfg = Debug|x86
		{CBEDB4AF-05CB-4051-8A50-5076CC12A953}.Debug|x86.Build.0 = Debug|x86
		{CBEDB4AF-05CB-4051-8A50-5076CC12A953}.Debug|x86.Deploy.0 = Debug|x86
		{CBEDB4AF-05CB-4051-8A50-5076CC12A953}.Release|Any CPU.ActiveCfg = Release|x86
		{CBEDB4AF-05CB-4051-8A50-5076CC12A953}.Release|ARM.ActiveCfg = Release|ARM
		{CBEDB4AF-05CB-4051-8A50-5076CC12A953}.Release|ARM.Build.0 = Release|ARM
		{CBEDB4AF-05CB-4051-8A50-5076CC12A953}.Release|ARM.Deploy.0 = Release|ARM
		{CBEDB4AF-05CB-4051-8A50-5076CC12A953}.Release|x64.ActiveCfg = Release|x64
		{CBEDB4AF-05CB-4051-8A50-5076CC12A953}.Release|x64.Build.0 = Release|x64
		{CBEDB4AF-05CB-4051-8A50-5076CC12A953}.Release|x64.Deploy.0 = Release|x64
		{CBEDB4AF-05CB-4051-8A50-5076CC12A953}.Release|x86.ActiveCfg = Release|x86
		{CBEDB4AF-05CB-4051-8A50-5076CC12A953}.Release|x86.Build.0 = Release|x86
		{CBEDB4AF-05CB-4051-8A50-5076CC12A953}.Release|x86.Deploy.0 = Release|x86
		{74FA52EF-B4DA-4EBE-A49B-BA843B5C7E3B}.Debug|Any CPU.ActiveCfg = Debug|Any CPU
		{74FA52EF-B4DA-4EBE-A49B-BA843B5C7E3B}.Debug|Any CPU.Build.0 = Debug|Any CPU
		{74FA52EF-B4DA-4EBE-A49B-BA843B5C7E3B}.Debug|ARM.ActiveCfg = Debug|ARM
		{74FA52EF-B4DA-4EBE-A49B-BA843B5C7E3B}.Debug|ARM.Build.0 = Debug|ARM
		{74FA52EF-B4DA-4EBE-A49B-BA843B5C7E3B}.Debug|x64.ActiveCfg = Debug|x64
		{74FA52EF-B4DA-4EBE-A49B-BA843B5C7E3B}.Debug|x64.Build.0 = Debug|x64
		{74FA52EF-B4DA-4EBE-A49B-BA843B5C7E3B}.Debug|x86.ActiveCfg = Debug|x86
		{74FA52EF-B4DA-4EBE-A49B-BA843B5C7E3B}.Debug|x86.Build.0 = Debug|x86
		{74FA52EF-B4DA-4EBE-A49B-BA843B5C7E3B}.Release|Any CPU.ActiveCfg = Release|Any CPU
		{74FA52EF-B4DA-4EBE-A49B-BA843B5C7E3B}.Release|Any CPU.Build.0 = Release|Any CPU
		{74FA52EF-B4DA-4EBE-A49B-BA843B5C7E3B}.Release|ARM.ActiveCfg = Release|ARM
		{74FA52EF-B4DA-4EBE-A49B-BA843B5C7E3B}.Release|ARM.Build.0 = Release|ARM
		{74FA52EF-B4DA-4EBE-A49B-BA843B5C7E3B}.Release|x64.ActiveCfg = Release|x64
		{74FA52EF-B4DA-4EBE-A49B-BA843B5C7E3B}.Release|x64.Build.0 = Release|x64
		{74FA52EF-B4DA-4EBE-A49B-BA843B5C7E3B}.Release|x86.ActiveCfg = Release|x86
		{74FA52EF-B4DA-4EBE-A49B-BA843B5C7E3B}.Release|x86.Build.0 = Release|x86
		{11AA7D74-A60F-4B0A-8915-6065FE53E26B}.Debug|Any CPU.ActiveCfg = Debug|Any CPU
		{11AA7D74-A60F-4B0A-8915-6065FE53E26B}.Debug|Any CPU.Build.0 = Debug|Any CPU
		{11AA7D74-A60F-4B0A-8915-6065FE53E26B}.Debug|ARM.ActiveCfg = Debug|Any CPU
		{11AA7D74-A60F-4B0A-8915-6065FE53E26B}.Debug|ARM.Build.0 = Debug|Any CPU
		{11AA7D74-A60F-4B0A-8915-6065FE53E26B}.Debug|x64.ActiveCfg = Debug|Any CPU
		{11AA7D74-A60F-4B0A-8915-6065FE53E26B}.Debug|x64.Build.0 = Debug|Any CPU
		{11AA7D74-A60F-4B0A-8915-6065FE53E26B}.Debug|x86.ActiveCfg = Debug|Any CPU
		{11AA7D74-A60F-4B0A-8915-6065FE53E26B}.Debug|x86.Build.0 = Debug|Any CPU
		{11AA7D74-A60F-4B0A-8915-6065FE53E26B}.Release|Any CPU.ActiveCfg = Release|Any CPU
		{11AA7D74-A60F-4B0A-8915-6065FE53E26B}.Release|Any CPU.Build.0 = Release|Any CPU
		{11AA7D74-A60F-4B0A-8915-6065FE53E26B}.Release|ARM.ActiveCfg = Release|Any CPU
		{11AA7D74-A60F-4B0A-8915-6065FE53E26B}.Release|ARM.Build.0 = Release|Any CPU
		{11AA7D74-A60F-4B0A-8915-6065FE53E26B}.Release|x64.ActiveCfg = Release|Any CPU
		{11AA7D74-A60F-4B0A-8915-6065FE53E26B}.Release|x64.Build.0 = Release|Any CPU
		{11AA7D74-A60F-4B0A-8915-6065FE53E26B}.Release|x86.ActiveCfg = Release|Any CPU
		{11AA7D74-A60F-4B0A-8915-6065FE53E26B}.Release|x86.Build.0 = Release|Any CPU
	EndGlobalSection
	GlobalSection(SolutionProperties) = preSolution
		HideSolutionNode = FALSE
	EndGlobalSection
	GlobalSection(ExtensibilityGlobals) = postSolution
		SolutionGuid = {8943C181-A636-41A6-A068-65A8E614D38D}
	EndGlobalSection
EndGlobal
